{
  "name": "siddheshpk-palindrome",
  "version": "0.1.0",
  "lockfileVersion": 2,
  "requires": true,
  "packages": {
    "": {
      "name": "siddheshpk-palindrome",
      "version": "0.1.0",
      "license": "ISC",
      "dependencies": {
        "siddheshpk-palindrome": "^0.1.0"
      }
    },
    "node_modules/siddheshpk-palindrome": {
      "version": "0.1.0",
      "resolved": "https://registry.npmjs.org/siddheshpk-palindrome/-/siddheshpk-palindrome-0.1.0.tgz",
      "integrity": "sha512-eE0hmbXRzZ18e1ZqRcnh0Nj60kK1IMZmgHChoSoo1DAof5ABWmYz/UDctpTs0CZSZX5NHSJnBbymQvP1koaBDg=="
    }
  },
  "dependencies": {
    "siddheshpk-palindrome": {
      "version": "0.1.0",
      "resolved": "https://registry.npmjs.org/siddheshpk-palindrome/-/siddheshpk-palindrome-0.1.0.tgz",
      "integrity": "sha512-eE0hmbXRzZ18e1ZqRcnh0Nj60kK1IMZmgHChoSoo1DAof5ABWmYz/UDctpTs0CZSZX5NHSJnBbymQvP1koaBDg=="
    }
  }
}
